version: 1.0
shards:
  common_mark:
    github: ysbaddaden/crystal-cmark
    version: 0.1.0

  frost:
    github: ysbaddaden/frost
    commit: 184642ce4f2b3f939145476e89ee245a1caa6d11

  minitest:
    github: ysbaddaden/minitest.cr
    version: 0.3.0

  pg:
    github: will/crystal-pg
    version: 0.5.0

  pool:
    github: ysbaddaden/pool
    version: 0.2.0

  selenium-webdriver:
    github: ysbaddaden/selenium-webdriver-crystal
    version: 0.1.0

  shards:
    github: ysbaddaden/shards
    version: 0.5.4

